{
  "name": "@flipcard/docs",
  "lockfileVersion": 3,
  "requires": true,
  "packages": {
    "": {
      "name": "@flipcard/docs",
      "devDependencies": {
        "@chromatic-com/storybook": "^4.0.1",
        "@storybook/addon-a11y": "^9.0.16",
        "@storybook/addon-docs": "^9.0.16",
        "@storybook/addon-vitest": "^9.0.16",
        "@storybook/react-vite": "^9.0.16",
        "@types/node": "^24.0.12",
        "@types/react": "^19.1.8",
        "@vitejs/plugin-react": "^4.6.0",
        "@vitest/browser": "^3.2.4",
        "@vitest/coverage-v8": "^3.2.4",
        "playwright": "^1.53.2",
        "react": "^19.1.0",
        "react-dom": "^19.1.0",
        "storybook": "^9.0.16",
        "typescript": "^5.0.0",
        "vite": "^5.0.0",
        "vite-plugin-dts": "^4.5.4",
        "vitest": "^3.2.4"
      }
    },
    "../node_modules/.pnpm/@chromatic-com+storybook@4._39cfc898693ab686228ea9bc2f204487/node_modules/@chromatic-com/storybook": {
      "version": "4.0.1",
      "dev": true,
      "license": "MIT",
      "dependencies": {
        "@neoconfetti/react": "^1.0.0",
        "chromatic": "^12.0.0",
        "filesize": "^10.0.12",
        "jsonfile": "^6.1.0",
        "strip-ansi": "^7.1.0"
      },
      "devDependencies": {
        "@0no-co/graphqlsp": "^1.12.16",
        "@auto-it/slack": "^11.2.1",
        "@emotion/weak-memoize": "^0.3.1",
        "@graphql-codegen/cli": "^5.0.5",
        "@graphql-typed-document-node/core": "^3.2.0",
        "@parcel/watcher": "^2.4.1",
        "@storybook/addon-designs": "^10.0.1",
        "@storybook/addon-docs": "^9.0.0",
        "@storybook/icons": "^1.4.0",
        "@storybook/react-vite": "^9.0.0",
        "@types/jsonfile": "^6.1.1",
        "@types/node": "^22.13.5",
        "@types/pluralize": "^0.0.29",
        "@types/react": "^18.3.11",
        "@types/react-dom": "^18.3.0",
        "@typescript-eslint/eslint-plugin": "^8.25.0",
        "@typescript-eslint/parser": "^8.25.0",
        "@urql/exchange-auth": "^2.1.6",
        "@vitejs/plugin-react": "^4.3.4",
        "@vitest/coverage-v8": "^3.0.8",
        "auto": "^11.0.5",
        "boxen": "^5.0.1",
        "date-fns": "^2.30.0",
        "dedent": "^0.7.0",
        "eslint": "^9.21.0",
        "eslint-config-prettier": "^10.0.2",
        "eslint-plugin-jest": "^28.11.0",
        "eslint-plugin-prettier": "^5.2.3",
        "eslint-plugin-react-hooks": "^5.0.0",
        "eslint-plugin-simple-import-sort": "^12.1.1",
        "eslint-plugin-storybook": "^9.0.0",
        "graphql": "^16.8.1",
        "msw": "^2.0.0",
        "msw-storybook-addon": "2.0.4",
        "npm-run-all": "^4.1.5",
        "pluralize": "^8.0.0",
        "polished": "^4.2.2",
        "prettier": "^3.5.3",
        "prompts": "^2.4.2",
        "prop-types": "^15.8.1",
        "react": "^18.3.1",
        "react-dom": "^18.3.1",
        "react-joyride": "^2.7.2",
        "rimraf": "^3.0.2",
        "storybook": "^9.0.0",
        "ts-dedent": "^2.2.0",
        "tsup": "^6.6.3",
        "typescript": "^5.7.3",
        "urql": "^4.0.3",
        "uuid": "^11.1.0",
        "vite": "^6.2.2",
        "vite-plugin-environment": "^1.1.3",
        "vite-plugin-turbosnap": "^1.0.3",
        "vitest": "^3.0.8",
        "zod": "^3.22.2",
        "zx": "^1.14.1"
      },
      "engines": {
        "node": ">=20.0.0",
        "yarn": ">=1.22.18"
      },
      "peerDependencies": {
        "storybook": "^0.0.0-0 || ^9.0.0 || ^9.1.0-0"
      }
    },
    "../node_modules/.pnpm/@storybook+addon-a11y@9.0.1_6cf9e9832747c8b84ba35284cc131046/node_modules/@storybook/addon-a11y": {
      "version": "9.0.16",
      "dev": true,
      "license": "MIT",
      "dependencies": {
        "@storybook/global": "^5.0.0",
        "axe-core": "^4.2.0"
      },
      "devDependencies": {
        "@radix-ui/react-tabs": "1.0.4",
        "@storybook/icons": "^1.4.0",
        "@testing-library/react": "^14.0.0",
        "execa": "^9.5.2",
        "react": "^18.2.0",
        "react-dom": "^18.2.0",
        "react-resize-detector": "^7.1.2",
        "typescript": "^5.8.3",
        "vitest-axe": "^0.1.0"
      },
      "funding": {
        "type": "opencollective",
        "url": "https://opencollective.com/storybook"
      },
      "peerDependencies": {
        "storybook": "^9.0.16"
      }
    },
    "../node_modules/.pnpm/@storybook+addon-docs@9.0.1_6b50429d18c007c203c152d66fcdea67/node_modules/@storybook/addon-docs": {
      "version": "9.0.16",
      "dev": true,
      "license": "MIT",
      "dependencies": {
        "@mdx-js/react": "^3.0.0",
        "@storybook/csf-plugin": "9.0.16",
        "@storybook/icons": "^1.2.12",
        "@storybook/react-dom-shim": "9.0.16",
        "react": "^16.8.0 || ^17.0.0 || ^18.0.0 || ^19.0.0",
        "react-dom": "^16.8.0 || ^17.0.0 || ^18.0.0 || ^19.0.0",
        "ts-dedent": "^2.0.0"
      },
      "devDependencies": {
        "@mdx-js/mdx": "^3.0.0",
        "@rollup/pluginutils": "^5.0.2",
        "@types/color-convert": "^2.0.0",
        "@types/react": "^16.8.0 || ^17.0.0 || ^18.0.0 || ^19.0.0",
        "color-convert": "^2.0.1",
        "es-toolkit": "^1.36.0",
        "github-slugger": "^2.0.0",
        "markdown-to-jsx": "^7.7.2",
        "memoizerific": "^1.11.3",
        "polished": "^4.2.2",
        "react": "^18.2.0",
        "react-colorful": "^5.1.2",
        "react-dom": "^18.2.0",
        "rehype-external-links": "^3.0.0",
        "rehype-slug": "^6.0.0",
        "telejson": "8.0.0",
        "tocbot": "^4.20.1",
        "typescript": "^5.8.3",
        "vite": "^6.2.5"
      },
      "funding": {
        "type": "opencollective",
        "url": "https://opencollective.com/storybook"
      },
      "peerDependencies": {
        "storybook": "^9.0.16"
      }
    },
    "../node_modules/.pnpm/@storybook+addon-vitest@9.0_460911860702961712f5757627e0c365/node_modules/@storybook/addon-vitest": {
      "version": "9.0.16",
      "dev": true,
      "license": "MIT",
      "dependencies": {
        "@storybook/global": "^5.0.0",
        "@storybook/icons": "^1.4.0",
        "prompts": "^2.4.0",
        "ts-dedent": "^2.2.0"
      },
      "devDependencies": {
        "@types/istanbul-lib-report": "^3.0.3",
        "@types/micromatch": "^4.0.0",
        "@types/node": "^22.0.0",
        "@types/semver": "^7",
        "@vitest/browser": "^3.2.4",
        "@vitest/runner": "^3.2.4",
        "boxen": "^8.0.1",
        "es-toolkit": "^1.36.0",
        "execa": "^8.0.1",
        "find-up": "^7.0.0",
        "istanbul-lib-report": "^3.0.1",
        "micromatch": "^4.0.8",
        "pathe": "^1.1.2",
        "picocolors": "^1.1.0",
        "react": "^18.2.0",
        "react-dom": "^18.2.0",
        "semver": "^7.6.3",
        "sirv": "^2.0.4",
        "slash": "^5.0.0",
        "tinyglobby": "^0.2.10",
        "tree-kill": "^1.2.2",
        "ts-dedent": "^2.2.0",
        "typescript": "^5.8.3",
        "vitest": "^3.2.4"
      },
      "funding": {
        "type": "opencollective",
        "url": "https://opencollective.com/storybook"
      },
      "peerDependencies": {
        "@vitest/browser": "^3.0.0",
        "@vitest/runner": "^3.0.0",
        "storybook": "^9.0.16",
        "vitest": "^3.0.0"
      },
      "peerDependenciesMeta": {
        "@vitest/browser": {
          "optional": true
        },
        "@vitest/runner": {
          "optional": true
        },
        "vitest": {
          "optional": true
        }
      }
    },
    "../node_modules/.pnpm/@storybook+react-vite@9.0.1_601bed64fb563550f19e60c832ab45fd/node_modules/@storybook/react-vite": {
      "version": "9.0.16",
      "dev": true,
      "license": "MIT",
      "dependencies": {
        "@joshwooding/vite-plugin-react-docgen-typescript": "0.6.1",
        "@rollup/pluginutils": "^5.0.2",
        "@storybook/builder-vite": "9.0.16",
        "@storybook/react": "9.0.16",
        "find-up": "^7.0.0",
        "magic-string": "^0.30.0",
        "react-docgen": "^8.0.0",
        "resolve": "^1.22.8",
        "tsconfig-paths": "^4.2.0"
      },
      "devDependencies": {
        "@types/node": "^22.0.0",
        "typescript": "^5.8.3",
        "vite": "^6.2.5"
      },
      "engines": {
        "node": ">=20.0.0"
      },
      "funding": {
        "type": "opencollective",
        "url": "https://opencollective.com/storybook"
      },
      "peerDependencies": {
        "react": "^16.8.0 || ^17.0.0 || ^18.0.0 || ^19.0.0-beta",
        "react-dom": "^16.8.0 || ^17.0.0 || ^18.0.0 || ^19.0.0-beta",
        "storybook": "^9.0.16",
        "vite": "^5.0.0 || ^6.0.0 || ^7.0.0"
      }
    },
    "../node_modules/.pnpm/@types+node@24.0.12/node_modules/@types/node": {
      "version": "24.0.12",
      "dev": true,
      "license": "MIT",
      "dependencies": {
        "undici-types": "~7.8.0"
      }
    },
    "../node_modules/.pnpm/@types+react@19.1.8/node_modules/@types/react": {
      "version": "19.1.8",
      "dev": true,
      "license": "MIT",
      "dependencies": {
        "csstype": "^3.0.2"
      }
    },
    "../node_modules/.pnpm/@vitejs+plugin-react@4.6.0_vite@5.4.19_@types+node@24.0.12_/node_modules/@vitejs/plugin-react": {
      "version": "4.6.0",
      "dev": true,
      "license": "MIT",
      "dependencies": {
        "@babel/core": "^7.27.4",
        "@babel/plugin-transform-react-jsx-self": "^7.27.1",
        "@babel/plugin-transform-react-jsx-source": "^7.27.1",
        "@rolldown/pluginutils": "1.0.0-beta.19",
        "@types/babel__core": "^7.20.5",
        "react-refresh": "^0.17.0"
      },
      "devDependencies": {
        "@vitejs/react-common": "workspace:*",
        "babel-plugin-react-compiler": "19.1.0-rc.2",
        "react": "^19.1.0",
        "react-dom": "^19.1.0",
        "rolldown": "1.0.0-beta.19",
        "unbuild": "^3.5.0",
        "vitest": "^3.2.4"
      },
      "engines": {
        "node": "^14.18.0 || >=16.0.0"
      },
      "peerDependencies": {
        "vite": "^4.2.0 || ^5.0.0 || ^6.0.0 || ^7.0.0-beta.0"
      }
    },
    "../node_modules/.pnpm/@vitest+browser@3.2.4_playw_503c3be5e649460d3d4ee2cf73fb955a/node_modules/@vitest/browser": {
      "version": "3.2.4",
      "dev": true,
      "license": "MIT",
      "dependencies": {
        "@testing-library/dom": "^10.4.0",
        "@testing-library/user-event": "^14.6.1",
        "@vitest/mocker": "3.2.4",
        "@vitest/utils": "3.2.4",
        "magic-string": "^0.30.17",
        "sirv": "^3.0.1",
        "tinyrainbow": "^2.0.0",
        "ws": "^8.18.2"
      },
      "devDependencies": {
        "@types/ws": "^8.18.1",
        "@vitest/runner": "3.2.4",
        "@vitest/ui": "3.2.4",
        "@vitest/ws-client": "3.2.4",
        "@wdio/protocols": "^9.15.0",
        "@wdio/types": "^9.15.0",
        "birpc": "2.4.0",
        "flatted": "^3.3.3",
        "ivya": "^1.7.0",
        "mime": "^4.0.7",
        "pathe": "^2.0.3",
        "periscopic": "^4.0.2",
        "playwright": "^1.53.0",
        "playwright-core": "^1.53.0",
        "safaridriver": "^1.0.0",
        "vitest": "3.2.4",
        "webdriverio": "^9.15.0"
      },
      "funding": {
        "url": "https://opencollective.com/vitest"
      },
      "peerDependencies": {
        "playwright": "*",
        "vitest": "3.2.4",
        "webdriverio": "^7.0.0 || ^8.0.0 || ^9.0.0"
      },
      "peerDependenciesMeta": {
        "playwright": {
          "optional": true
        },
        "safaridriver": {
          "optional": true
        },
        "webdriverio": {
          "optional": true
        }
      }
    },
    "../node_modules/.pnpm/@vitest+coverage-v8@3.2.4_@vitest+browser@3.2.4_vitest@3.2.4/node_modules/@vitest/coverage-v8": {
      "version": "3.2.4",
      "dev": true,
      "license": "MIT",
      "dependencies": {
        "@ampproject/remapping": "^2.3.0",
        "@bcoe/v8-coverage": "^1.0.2",
        "ast-v8-to-istanbul": "^0.3.3",
        "debug": "^4.4.1",
        "istanbul-lib-coverage": "^3.2.2",
        "istanbul-lib-report": "^3.0.1",
        "istanbul-lib-source-maps": "^5.0.6",
        "istanbul-reports": "^3.1.7",
        "magic-string": "^0.30.17",
        "magicast": "^0.3.5",
        "std-env": "^3.9.0",
        "test-exclude": "^7.0.1",
        "tinyrainbow": "^2.0.0"
      },
      "devDependencies": {
        "@types/debug": "^4.1.12",
        "@types/istanbul-lib-coverage": "^2.0.6",
        "@types/istanbul-lib-report": "^3.0.3",
        "@types/istanbul-lib-source-maps": "^4.0.4",
        "@types/istanbul-reports": "^3.0.4",
        "@types/test-exclude": "^6.0.2",
        "@vitest/browser": "3.2.4",
        "pathe": "^2.0.3",
        "v8-to-istanbul": "^9.3.0",
        "vite-node": "3.2.4",
        "vitest": "3.2.4"
      },
      "funding": {
        "url": "https://opencollective.com/vitest"
      },
      "peerDependencies": {
        "@vitest/browser": "3.2.4",
        "vitest": "3.2.4"
      },
      "peerDependenciesMeta": {
        "@vitest/browser": {
          "optional": true
        }
      }
    },
    "../node_modules/.pnpm/playwright@1.53.2/node_modules/playwright": {
      "version": "1.53.2",
      "dev": true,
      "license": "Apache-2.0",
      "dependencies": {
        "playwright-core": "1.53.2"
      },
      "bin": {
        "playwright": "cli.js"
      },
      "engines": {
        "node": ">=18"
      },
      "optionalDependencies": {
        "fsevents": "2.3.2"
      }
    },
    "../node_modules/.pnpm/react-dom@19.1.0_react@19.1.0/node_modules/react-dom": {
      "version": "19.1.0",
      "dev": true,
      "license": "MIT",
      "dependencies": {
        "scheduler": "^0.26.0"
      },
      "peerDependencies": {
        "react": "^19.1.0"
      }
    },
    "../node_modules/.pnpm/react@19.1.0/node_modules/react": {
      "version": "19.1.0",
      "dev": true,
      "license": "MIT",
      "engines": {
        "node": ">=0.10.0"
      }
    },
    "../node_modules/.pnpm/storybook@9.0.16_@testing-library+dom@10.4.0/node_modules/storybook": {
      "version": "9.0.16",
      "dev": true,
      "license": "MIT",
      "dependencies": {
        "@storybook/global": "^5.0.0",
        "@testing-library/jest-dom": "^6.6.3",
        "@testing-library/user-event": "^14.6.1",
        "@vitest/expect": "3.2.4",
        "@vitest/spy": "3.2.4",
        "better-opn": "^3.0.2",
        "esbuild": "^0.18.0 || ^0.19.0 || ^0.20.0 || ^0.21.0 || ^0.22.0 || ^0.23.0 || ^0.24.0 || ^0.25.0",
        "esbuild-register": "^3.5.0",
        "recast": "^0.23.5",
        "semver": "^7.6.2",
        "ws": "^8.18.0"
      },
      "bin": {
        "storybook": "bin/index.cjs"
      },
      "devDependencies": {
        "@aw-web-design/x-default-browser": "1.4.126",
        "@babel/core": "^7.26.9",
        "@babel/generator": "^7.26.9",
        "@babel/parser": "^7.26.9",
        "@babel/traverse": "^7.26.9",
        "@babel/types": "^7.26.8",
        "@clack/prompts": "^1.0.0-alpha.0",
        "@devtools-ds/object-inspector": "^1.1.2",
        "@discoveryjs/json-ext": "^0.5.3",
        "@emotion/cache": "^11.14.0",
        "@emotion/is-prop-valid": "^1.3.1",
        "@emotion/react": "^11.14.0",
        "@emotion/styled": "^11.14.0",
        "@fal-works/esbuild-plugin-global-externals": "^2.1.2",
        "@ndelangen/get-tarball": "^3.0.7",
        "@ngard/tiny-isequal": "^1.1.0",
        "@polka/compression": "^1.0.0-next.28",
        "@radix-ui/react-dialog": "^1.1.2",
        "@radix-ui/react-scroll-area": "1.2.0-rc.7",
        "@radix-ui/react-slot": "^1.0.2",
        "@storybook/docs-mdx": "4.0.0-next.1",
        "@storybook/icons": "^1.4.0",
        "@tanstack/react-virtual": "^3.3.0",
        "@testing-library/dom": "10.4.0",
        "@testing-library/react": "^14.0.0",
        "@types/cross-spawn": "^6.0.6",
        "@types/detect-port": "^1.3.0",
        "@types/diff": "^5.0.9",
        "@types/ejs": "^3.1.1",
        "@types/find-cache-dir": "^5.0.0",
        "@types/js-yaml": "^4.0.5",
        "@types/node": "^22.0.0",
        "@types/npmlog": "^7.0.0",
        "@types/picomatch": "^2.3.0",
        "@types/prettier": "^3.0.0",
        "@types/pretty-hrtime": "^1.0.0",
        "@types/prompts": "^2.0.9",
        "@types/react-syntax-highlighter": "11.0.5",
        "@types/react-transition-group": "^4",
        "@types/semver": "^7.5.8",
        "@types/ws": "^8",
        "@vitest/utils": "^3.2.4",
        "@yarnpkg/esbuild-plugin-pnp": "^3.0.0-rc.10",
        "@yarnpkg/fslib": "2.10.3",
        "@yarnpkg/libzip": "2.3.0",
        "ansi-to-html": "^0.7.2",
        "boxen": "^7.1.1",
        "browser-dtector": "^3.4.0",
        "bundle-require": "^5.1.0",
        "camelcase": "^8.0.0",
        "chai": "^5.1.1",
        "cli-table3": "^0.6.1",
        "commander": "^12.1.0",
        "comment-parser": "^1.4.1",
        "copy-to-clipboard": "^3.3.1",
        "cross-spawn": "^7.0.6",
        "deep-object-diff": "^1.1.0",
        "dequal": "^2.0.2",
        "detect-indent": "^7.0.1",
        "detect-port": "^1.3.0",
        "diff": "^5.2.0",
        "downshift": "^9.0.4",
        "ejs": "^3.1.10",
        "es-toolkit": "^1.36.0",
        "esbuild": "^0.18.0 || ^0.19.0 || ^0.20.0 || ^0.21.0 || ^0.22.0 || ^0.23.0 || ^0.24.0 || ^0.25.0",
        "execa": "^8.0.1",
        "fd-package-json": "^1.2.0",
        "fetch-retry": "^6.0.0",
        "find-cache-dir": "^5.0.0",
        "find-up": "^7.0.0",
        "flush-promises": "^1.0.2",
        "fuse.js": "^3.6.1",
        "get-npm-tarball-url": "^2.0.3",
        "glob": "^10.0.0",
        "globby": "^14.0.1",
        "jiti": "^1.21.6",
        "js-yaml": "^4.1.0",
        "jsdoc-type-pratt-parser": "^4.0.0",
        "lazy-universal-dotenv": "^4.0.0",
        "leven": "^4.0.0",
        "memfs": "^4.11.1",
        "memoizerific": "^1.11.3",
        "nanoid": "^4.0.2",
        "npmlog": "^7.0.0",
        "open": "^8.4.0",
        "p-limit": "^6.2.0",
        "package-manager-detector": "^1.1.0",
        "picocolors": "^1.1.0",
        "picomatch": "^2.3.0",
        "picoquery": "^1.4.0",
        "polished": "^4.2.2",
        "polka": "^1.0.0-next.28",
        "prettier": "^3.5.3",
        "pretty-hrtime": "^1.0.3",
        "prompts": "^2.4.0",
        "react": "^18.2.0",
        "react-dom": "^18.2.0",
        "react-helmet-async": "^1.3.0",
        "react-inspector": "^6.0.0",
        "react-popper-tooltip": "^4.4.2",
        "react-router-dom": "6.15.0",
        "react-syntax-highlighter": "^15.4.5",
        "react-textarea-autosize": "^8.3.0",
        "react-transition-group": "^4.4.5",
        "require-from-string": "^2.0.2",
        "resolve-from": "^5.0.0",
        "sirv": "^2.0.4",
        "slash": "^5.0.0",
        "source-map": "^0.7.4",
        "store2": "^2.14.2",
        "strip-ansi": "^7.1.0",
        "strip-json-comments": "^5.0.1",
        "telejson": "8.0.0",
        "tiny-invariant": "^1.3.1",
        "tinyspy": "^3.0.2",
        "ts-dedent": "^2.0.0",
        "tsconfig-paths": "^4.2.0",
        "tsup": "^6.7.0",
        "type-fest": "^4.18.1",
        "typescript": "^5.8.3",
        "unique-string": "^3.0.0",
        "use-resize-observer": "^9.1.0",
        "watchpack": "^2.2.0",
        "zod": "^3.24.1"
      },
      "funding": {
        "type": "opencollective",
        "url": "https://opencollective.com/storybook"
      },
      "peerDependencies": {
        "prettier": "^2 || ^3"
      },
      "peerDependenciesMeta": {
        "prettier": {
          "optional": true
        }
      }
    },
    "../node_modules/.pnpm/typescript@5.8.3/node_modules/typescript": {
      "version": "5.8.3",
      "dev": true,
      "license": "Apache-2.0",
      "bin": {
        "tsc": "bin/tsc",
        "tsserver": "bin/tsserver"
      },
      "devDependencies": {
        "@dprint/formatter": "^0.4.1",
        "@dprint/typescript": "0.93.3",
        "@esfx/canceltoken": "^1.0.0",
        "@eslint/js": "^9.17.0",
        "@octokit/rest": "^21.0.2",
        "@types/chai": "^4.3.20",
        "@types/diff": "^5.2.3",
        "@types/minimist": "^1.2.5",
        "@types/mocha": "^10.0.10",
        "@types/ms": "^0.7.34",
        "@types/node": "latest",
        "@types/source-map-support": "^0.5.10",
        "@types/which": "^3.0.4",
        "@typescript-eslint/rule-tester": "^8.18.1",
        "@typescript-eslint/type-utils": "^8.18.1",
        "@typescript-eslint/utils": "^8.18.1",
        "azure-devops-node-api": "^14.1.0",
        "c8": "^10.1.3",
        "chai": "^4.5.0",
        "chalk": "^4.1.2",
        "chokidar": "^3.6.0",
        "diff": "^5.2.0",
        "dprint": "^0.47.6",
        "esbuild": "^0.24.0",
        "eslint": "^9.17.0",
        "eslint-formatter-autolinkable-stylish": "^1.4.0",
        "eslint-plugin-regexp": "^2.7.0",
        "fast-xml-parser": "^4.5.1",
        "glob": "^10.4.5",
        "globals": "^15.13.0",
        "hereby": "^1.10.0",
        "jsonc-parser": "^3.3.1",
        "knip": "^5.41.0",
        "minimist": "^1.2.8",
        "mocha": "^10.8.2",
        "mocha-fivemat-progress-reporter": "^0.1.0",
        "monocart-coverage-reports": "^2.11.4",
        "ms": "^2.1.3",
        "playwright": "^1.49.1",
        "source-map-support": "^0.5.21",
        "tslib": "^2.8.1",
        "typescript": "^5.7.2",
        "typescript-eslint": "^8.18.1",
        "which": "^3.0.1"
      },
      "engines": {
        "node": ">=14.17"
      }
    },
    "../node_modules/.pnpm/vite-plugin-dts@4.5.4_@type_d3136887b924b47a2d24aa4c29dac460/node_modules/vite-plugin-dts": {
      "version": "4.5.4",
      "dev": true,
      "license": "MIT",
      "dependencies": {
        "@microsoft/api-extractor": "^7.50.1",
        "@rollup/pluginutils": "^5.1.4",
        "@volar/typescript": "^2.4.11",
        "@vue/language-core": "2.2.0",
        "compare-versions": "^6.1.1",
        "debug": "^4.4.0",
        "kolorist": "^1.8.0",
        "local-pkg": "^1.0.0",
        "magic-string": "^0.30.17"
      },
      "devDependencies": {
        "@commitlint/cli": "^19.7.1",
        "@types/debug": "^4.1.12",
        "@types/minimist": "^1.2.5",
        "@types/node": "^22.13.5",
        "@types/prompts": "^2.4.9",
        "@types/semver": "^7.5.8",
        "@vexip-ui/commitlint-config": "^0.5.0",
        "@vexip-ui/eslint-config": "^0.12.1",
        "@vexip-ui/prettier-config": "^1.0.0",
        "@vexip-ui/scripts": "^1.2.0",
        "@vue/eslint-config-standard": "^8.0.1",
        "@vue/eslint-config-typescript": "^13.0.0",
        "conventional-changelog-cli": "^5.0.0",
        "eslint": "^8.57.0",
        "execa": "^9.5.2",
        "husky": "^9.1.7",
        "is-ci": "^4.1.0",
        "lint-staged": "^15.4.3",
        "minimist": "^1.2.8",
        "pinst": "^3.0.0",
        "prettier": "^3.5.2",
        "pretty-quick": "^4.0.0",
        "prompts": "^2.4.2",
        "rimraf": "^6.0.1",
        "semver": "^7.7.1",
        "tsx": "^4.19.3",
        "typescript": "5.7.3",
        "unbuild": "^3.3.1",
        "vite": "^6.2.0",
        "vitest": "^3.0.7"
      },
      "peerDependencies": {
        "typescript": "*",
        "vite": "*"
      },
      "peerDependenciesMeta": {
        "vite": {
          "optional": true
        }
      }
    },
    "../node_modules/.pnpm/vite@5.4.19_@types+node@24.0.12/node_modules/vite": {
      "version": "5.4.19",
      "dev": true,
      "license": "MIT",
      "dependencies": {
        "esbuild": "^0.21.3",
        "postcss": "^8.4.43",
        "rollup": "^4.20.0"
      },
      "bin": {
        "vite": "bin/vite.js"
      },
      "devDependencies": {
        "@ampproject/remapping": "^2.3.0",
        "@babel/parser": "^7.25.6",
        "@jridgewell/trace-mapping": "^0.3.25",
        "@polka/compression": "^1.0.0-next.25",
        "@rollup/plugin-alias": "^5.1.0",
        "@rollup/plugin-commonjs": "^26.0.1",
        "@rollup/plugin-dynamic-import-vars": "^2.1.2",
        "@rollup/plugin-json": "^6.1.0",
        "@rollup/plugin-node-resolve": "15.2.3",
        "@rollup/pluginutils": "^5.1.0",
        "@types/escape-html": "^1.0.4",
        "@types/pnpapi": "^0.0.5",
        "artichokie": "^0.2.1",
        "cac": "^6.7.14",
        "chokidar": "^3.6.0",
        "connect": "^3.7.0",
        "convert-source-map": "^2.0.0",
        "cors": "^2.8.5",
        "cross-spawn": "^7.0.3",
        "debug": "^4.3.6",
        "dep-types": "link:./src/types",
        "dotenv": "^16.4.5",
        "dotenv-expand": "^11.0.6",
        "es-module-lexer": "^1.5.4",
        "escape-html": "^1.0.3",
        "estree-walker": "^3.0.3",
        "etag": "^1.8.1",
        "fast-glob": "^3.3.2",
        "http-proxy": "^1.18.1",
        "launch-editor-middleware": "^2.9.1",
        "lightningcss": "^1.26.0",
        "magic-string": "^0.30.11",
        "micromatch": "^4.0.8",
        "mlly": "^1.7.1",
        "mrmime": "^2.0.0",
        "open": "^8.4.2",
        "parse5": "^7.1.2",
        "pathe": "^1.1.2",
        "periscopic": "^4.0.2",
        "picocolors": "^1.0.1",
        "picomatch": "^2.3.1",
        "postcss-import": "^16.1.0",
        "postcss-load-config": "^4.0.2",
        "postcss-modules": "^6.0.0",
        "resolve.exports": "^2.0.2",
        "rollup-plugin-dts": "^6.1.1",
        "rollup-plugin-esbuild": "^6.1.1",
        "rollup-plugin-license": "^3.5.2",
        "sass": "^1.77.8",
        "sass-embedded": "^1.77.8",
        "sirv": "^2.0.4",
        "source-map-support": "^0.5.21",
        "strip-ansi": "^7.1.0",
        "strip-literal": "^2.1.0",
        "tsconfck": "^3.1.4",
        "tslib": "^2.7.0",
        "types": "link:./types",
        "ufo": "^1.5.4",
        "ws": "^8.18.0"
      },
      "engines": {
        "node": "^18.0.0 || >=20.0.0"
      },
      "funding": {
        "url": "https://github.com/vitejs/vite?sponsor=1"
      },
      "optionalDependencies": {
        "fsevents": "~2.3.3"
      },
      "peerDependencies": {
        "@types/node": "^18.0.0 || >=20.0.0",
        "less": "*",
        "lightningcss": "^1.21.0",
        "sass": "*",
        "sass-embedded": "*",
        "stylus": "*",
        "sugarss": "*",
        "terser": "^5.4.0"
      },
      "peerDependenciesMeta": {
        "@types/node": {
          "optional": true
        },
        "less": {
          "optional": true
        },
        "lightningcss": {
          "optional": true
        },
        "sass": {
          "optional": true
        },
        "sass-embedded": {
          "optional": true
        },
        "stylus": {
          "optional": true
        },
        "sugarss": {
          "optional": true
        },
        "terser": {
          "optional": true
        }
      }
    },
    "../node_modules/.pnpm/vitest@3.2.4_@types+node@24.0.12_@vitest+browser@3.2.4/node_modules/vitest": {
      "version": "3.2.4",
      "dev": true,
      "license": "MIT",
      "dependencies": {
        "@types/chai": "^5.2.2",
        "@vitest/expect": "3.2.4",
        "@vitest/mocker": "3.2.4",
        "@vitest/pretty-format": "^3.2.4",
        "@vitest/runner": "3.2.4",
        "@vitest/snapshot": "3.2.4",
        "@vitest/spy": "3.2.4",
        "@vitest/utils": "3.2.4",
        "chai": "^5.2.0",
        "debug": "^4.4.1",
        "expect-type": "^1.2.1",
        "magic-string": "^0.30.17",
        "pathe": "^2.0.3",
        "picomatch": "^4.0.2",
        "std-env": "^3.9.0",
        "tinybench": "^2.9.0",
        "tinyexec": "^0.3.2",
        "tinyglobby": "^0.2.14",
        "tinypool": "^1.1.1",
        "tinyrainbow": "^2.0.0",
        "vite": "^5.0.0 || ^6.0.0 || ^7.0.0-0",
        "vite-node": "3.2.4",
        "why-is-node-running": "^2.3.0"
      },
      "bin": {
        "vitest": "vitest.mjs"
      },
      "devDependencies": {
        "@ampproject/remapping": "^2.3.0",
        "@antfu/install-pkg": "^1.1.0",
        "@edge-runtime/vm": "^5.0.0",
        "@sinonjs/fake-timers": "14.0.0",
        "@types/debug": "^4.1.12",
        "@types/estree": "^1.0.8",
        "@types/istanbul-lib-coverage": "^2.0.6",
        "@types/istanbul-reports": "^3.0.4",
        "@types/jsdom": "^21.1.7",
        "@types/mime": "^4.0.0",
        "@types/node": "^22.15.32",
        "@types/picomatch": "^4.0.0",
        "@types/prompts": "^2.4.9",
        "@types/sinonjs__fake-timers": "^8.1.5",
        "acorn-walk": "^8.3.4",
        "birpc": "2.4.0",
        "cac": "^6.7.14",
        "chai-subset": "^1.6.0",
        "find-up": "^6.3.0",
        "flatted": "^3.3.3",
        "happy-dom": "^17.6.3",
        "jsdom": "^26.1.0",
        "local-pkg": "^1.1.1",
        "mime": "^4.0.7",
        "pretty-format": "^29.7.0",
        "prompts": "^2.4.2",
        "strip-literal": "^3.0.0",
        "ws": "^8.18.2"
      },
      "engines": {
        "node": "^18.0.0 || ^20.0.0 || >=22.0.0"
      },
      "funding": {
        "url": "https://opencollective.com/vitest"
      },
      "peerDependencies": {
        "@edge-runtime/vm": "*",
        "@types/debug": "^4.1.12",
        "@types/node": "^18.0.0 || ^20.0.0 || >=22.0.0",
        "@vitest/browser": "3.2.4",
        "@vitest/ui": "3.2.4",
        "happy-dom": "*",
        "jsdom": "*"
      },
      "peerDependenciesMeta": {
        "@edge-runtime/vm": {
          "optional": true
        },
        "@types/debug": {
          "optional": true
        },
        "@types/node": {
          "optional": true
        },
        "@vitest/browser": {
          "optional": true
        },
        "@vitest/ui": {
          "optional": true
        },
        "happy-dom": {
          "optional": true
        },
        "jsdom": {
          "optional": true
        }
      }
    },
    "../packages/core": {
      "name": "@flipcard/core",
      "version": "0.0.1",
      "extraneous": true,
      "dependencies": {
        "@flipcard/utils": "workspace:*"
      }
    },
    "../packages/react": {
      "name": "@flipcard/react",
      "version": "0.0.1",
      "extraneous": true,
      "dependencies": {
        "@flipcard/core": "workspace:*"
      }
    },
    "../packages/utils": {
      "name": "@flipcard/utils",
      "version": "0.0.1",
      "extraneous": true
    },
    "node_modules/@chromatic-com/storybook": {
      "resolved": "../node_modules/.pnpm/@chromatic-com+storybook@4._39cfc898693ab686228ea9bc2f204487/node_modules/@chromatic-com/storybook",
      "link": true
    },
    "node_modules/@storybook/addon-a11y": {
      "resolved": "../node_modules/.pnpm/@storybook+addon-a11y@9.0.1_6cf9e9832747c8b84ba35284cc131046/node_modules/@storybook/addon-a11y",
      "link": true
    },
    "node_modules/@storybook/addon-docs": {
      "resolved": "../node_modules/.pnpm/@storybook+addon-docs@9.0.1_6b50429d18c007c203c152d66fcdea67/node_modules/@storybook/addon-docs",
      "link": true
    },
    "node_modules/@storybook/addon-vitest": {
      "resolved": "../node_modules/.pnpm/@storybook+addon-vitest@9.0_460911860702961712f5757627e0c365/node_modules/@storybook/addon-vitest",
      "link": true
    },
    "node_modules/@storybook/react-vite": {
      "resolved": "../node_modules/.pnpm/@storybook+react-vite@9.0.1_601bed64fb563550f19e60c832ab45fd/node_modules/@storybook/react-vite",
      "link": true
    },
    "node_modules/@types/node": {
      "resolved": "../node_modules/.pnpm/@types+node@24.0.12/node_modules/@types/node",
      "link": true
    },
    "node_modules/@types/react": {
      "resolved": "../node_modules/.pnpm/@types+react@19.1.8/node_modules/@types/react",
      "link": true
    },
    "node_modules/@vitejs/plugin-react": {
      "resolved": "../node_modules/.pnpm/@vitejs+plugin-react@4.6.0_vite@5.4.19_@types+node@24.0.12_/node_modules/@vitejs/plugin-react",
      "link": true
    },
    "node_modules/@vitest/browser": {
      "resolved": "../node_modules/.pnpm/@vitest+browser@3.2.4_playw_503c3be5e649460d3d4ee2cf73fb955a/node_modules/@vitest/browser",
      "link": true
    },
    "node_modules/@vitest/coverage-v8": {
      "resolved": "../node_modules/.pnpm/@vitest+coverage-v8@3.2.4_@vitest+browser@3.2.4_vitest@3.2.4/node_modules/@vitest/coverage-v8",
      "link": true
    },
    "node_modules/playwright": {
      "resolved": "../node_modules/.pnpm/playwright@1.53.2/node_modules/playwright",
      "link": true
    },
    "node_modules/react": {
      "resolved": "../node_modules/.pnpm/react@19.1.0/node_modules/react",
      "link": true
    },
    "node_modules/react-dom": {
      "resolved": "../node_modules/.pnpm/react-dom@19.1.0_react@19.1.0/node_modules/react-dom",
      "link": true
    },
    "node_modules/storybook": {
      "resolved": "../node_modules/.pnpm/storybook@9.0.16_@testing-library+dom@10.4.0/node_modules/storybook",
      "link": true
    },
    "node_modules/typescript": {
      "resolved": "../node_modules/.pnpm/typescript@5.8.3/node_modules/typescript",
      "link": true
    },
    "node_modules/vite": {
      "resolved": "../node_modules/.pnpm/vite@5.4.19_@types+node@24.0.12/node_modules/vite",
      "link": true
    },
    "node_modules/vite-plugin-dts": {
      "resolved": "../node_modules/.pnpm/vite-plugin-dts@4.5.4_@type_d3136887b924b47a2d24aa4c29dac460/node_modules/vite-plugin-dts",
      "link": true
    },
    "node_modules/vitest": {
      "resolved": "../node_modules/.pnpm/vitest@3.2.4_@types+node@24.0.12_@vitest+browser@3.2.4/node_modules/vitest",
      "link": true
    }
  }
}
